{
  "version": 1,
  "dependencies": {
    "net10.0": {
      "Npgsql": {
        "type": "Direct",
        "requested": "[10.0.3, )",
        "resolved": "10.0.3",
        "contentHash": "7nb5YzXuvWWJxB0J8DiyL3we+X4FOctZrt0fIBnucOIaIevFEEwGQVZKtiu9olXdlNAK1eNgqSral6r/jlhI4w=="
      },
      "StackExchange.Redis": {
        "type": "Direct",
        "requested": "[3.3.1, )",
        "resolved": "3.3.1",
        "contentHash": "AnA3ZuYnOQl2Hh/PXqV+JagA6QO8hiHovHBOc0PKz+uafVSsI0lYPQy8D0rklCC5Wpmc9MznEw+Lpt8e+LaB9w==",
        "dependencies": {
          "RESPite": "3.3.1",
          "System.IO.Hashing": "10.0.12"
        }
      },
      "RESPite": {
        "type": "Transitive",
        "resolved": "3.3.1",
        "contentHash": "1Ky6rOjP9YjA8eXWWSJDTSRgVQiRXwsKnET+X5hDuONJqq8KbYLQrTUjMg8gsdyKzwj74ivEioTuQd4mVhthdQ=="
      },
      "System.IO.Hashing": {
        "type": "Transitive",
        "resolved": "10.0.12",
        "contentHash": "jDix4bBMYnpZdSPcnY+KDV6ik3SRMzpMKby/bZl/XUwIiflwRNAFZ0oOl61R/pSaveIJ8t1gs2BUlrGsPs/bcg=="
      }
    }
  }
}
